
Microsoft Visual Studio Solution File, Format Version 12.00
# Visual Studio Version 17
VisualStudioVersion = 17.7.34031.279
MinimumVisualStudioVersion = 10.0.40219.1
Project("{8BC9CEB8-8B4A-11D0-8D11-00A0C91BC942}") = "Insight Engine", "Insight Engine\Insight Engine.vcxproj", "{A1FB79E1-A52C-4D58-9CB3-E993A52DA48A}"
EndProject
Project("{8BC9CEB8-8B4A-11D0-8D11-00A0C91BC942}") = "ImGui", "ImGui\ImGui.vcxproj", "{CF9CF7CC-7DFC-4A32-9872-B7689F65A852}"
EndProject
Project("{8BC9CEB8-8B4A-11D0-8D11-00A0C91BC942}") = "GLAD", "GLAD\GLAD.vcxproj", "{670025B5-7DF5-4C7C-8D9E-22895C1C1FE8}"
EndProject
Project("{8BC9CEB8-8B4A-11D0-8D11-00A0C91BC942}") = "ImGuizmo", "ImGuizmo\ImGuizmo.vcxproj", "{D1B82CE9-BDE1-4F51-9A78-1849676C2516}"
EndProject
Project("{FAE04EC0-301F-11D3-BF4B-00C04F79EFBC}") = "CS-ScriptingForEdit", "CS-ScriptingForEdit\CS-ScriptingForEdit.csproj", "{8E752673-764B-4507-8436-19FD3B84B553}"
EndProject
Global
	GlobalSection(SolutionConfigurationPlatforms) = preSolution
		Debug|Any CPU = Debug|Any CPU
		Debug|x64 = Debug|x64
		Debug|x86 = Debug|x86
		GameRelease|Any CPU = GameRelease|Any CPU
		GameRelease|x64 = GameRelease|x64
		GameRelease|x86 = GameRelease|x86
		Release|Any CPU = Release|Any CPU
		Release|x64 = Release|x64
		Release|x86 = Release|x86
	EndGlobalSection
	GlobalSection(ProjectConfigurationPlatforms) = postSolution
		{A1FB79E1-A52C-4D58-9CB3-E993A52DA48A}.Debug|Any CPU.ActiveCfg = Debug|x64
		{A1FB79E1-A52C-4D58-9CB3-E993A52DA48A}.Debug|Any CPU.Build.0 = Debug|x64
		{A1FB79E1-A52C-4D58-9CB3-E993A52DA48A}.Debug|x64.ActiveCfg = Debug|x64
		{A1FB79E1-A52C-4D58-9CB3-E993A52DA48A}.Debug|x64.Build.0 = Debug|x64
		{A1FB79E1-A52C-4D58-9CB3-E993A52DA48A}.Debug|x86.ActiveCfg = Debug|x64
		{A1FB79E1-A52C-4D58-9CB3-E993A52DA48A}.Debug|x86.Build.0 = Debug|x64
		{A1FB79E1-A52C-4D58-9CB3-E993A52DA48A}.GameRelease|Any CPU.ActiveCfg = GameRelease|x64
		{A1FB79E1-A52C-4D58-9CB3-E993A52DA48A}.GameRelease|Any CPU.Build.0 = GameRelease|x64
		{A1FB79E1-A52C-4D58-9CB3-E993A52DA48A}.GameRelease|x64.ActiveCfg = GameRelease|x64
		{A1FB79E1-A52C-4D58-9CB3-E993A52DA48A}.GameRelease|x64.Build.0 = GameRelease|x64
		{A1FB79E1-A52C-4D58-9CB3-E993A52DA48A}.GameRelease|x86.ActiveCfg = GameRelease|x64
		{A1FB79E1-A52C-4D58-9CB3-E993A52DA48A}.GameRelease|x86.Build.0 = GameRelease|x64
		{A1FB79E1-A52C-4D58-9CB3-E993A52DA48A}.Release|Any CPU.ActiveCfg = Release|x64
		{A1FB79E1-A52C-4D58-9CB3-E993A52DA48A}.Release|Any CPU.Build.0 = Release|x64
		{A1FB79E1-A52C-4D58-9CB3-E993A52DA48A}.Release|x64.ActiveCfg = Release|x64
		{A1FB79E1-A52C-4D58-9CB3-E993A52DA48A}.Release|x64.Build.0 = Release|x64
		{A1FB79E1-A52C-4D58-9CB3-E993A52DA48A}.Release|x86.ActiveCfg = Release|x64
		{A1FB79E1-A52C-4D58-9CB3-E993A52DA48A}.Release|x86.Build.0 = Release|x64
		{CF9CF7CC-7DFC-4A32-9872-B7689F65A852}.Debug|Any CPU.ActiveCfg = Debug|x64
		{CF9CF7CC-7DFC-4A32-9872-B7689F65A852}.Debug|Any CPU.Build.0 = Debug|x64
		{CF9CF7CC-7DFC-4A32-9872-B7689F65A852}.Debug|x64.ActiveCfg = Debug|x64
		{CF9CF7CC-7DFC-4A32-9872-B7689F65A852}.Debug|x64.Build.0 = Debug|x64
		{CF9CF7CC-7DFC-4A32-9872-B7689F65A852}.Debug|x86.ActiveCfg = Debug|x64
		{CF9CF7CC-7DFC-4A32-9872-B7689F65A852}.Debug|x86.Build.0 = Debug|x64
		{CF9CF7CC-7DFC-4A32-9872-B7689F65A852}.GameRelease|Any CPU.ActiveCfg = Release|x64
		{CF9CF7CC-7DFC-4A32-9872-B7689F65A852}.GameRelease|Any CPU.Build.0 = Release|x64
		{CF9CF7CC-7DFC-4A32-9872-B7689F65A852}.GameRelease|x64.ActiveCfg = Release|x64
		{CF9CF7CC-7DFC-4A32-9872-B7689F65A852}.GameRelease|x64.Build.0 = Release|x64
		{CF9CF7CC-7DFC-4A32-9872-B7689F65A852}.GameRelease|x86.ActiveCfg = Release|x64
		{CF9CF7CC-7DFC-4A32-9872-B7689F65A852}.GameRelease|x86.Build.0 = Release|x64
		{CF9CF7CC-7DFC-4A32-9872-B7689F65A852}.Release|Any CPU.ActiveCfg = Release|x64
		{CF9CF7CC-7DFC-4A32-9872-B7689F65A852}.Release|Any CPU.Build.0 = Release|x64
		{CF9CF7CC-7DFC-4A32-9872-B7689F65A852}.Release|x64.ActiveCfg = Release|x64
		{CF9CF7CC-7DFC-4A32-9872-B7689F65A852}.Release|x64.Build.0 = Release|x64
		{CF9CF7CC-7DFC-4A32-9872-B7689F65A852}.Release|x86.ActiveCfg = Release|x64
		{CF9CF7CC-7DFC-4A32-9872-B7689F65A852}.Release|x86.Build.0 = Release|x64
		{670025B5-7DF5-4C7C-8D9E-22895C1C1FE8}.Debug|Any CPU.ActiveCfg = Debug|x64
		{670025B5-7DF5-4C7C-8D9E-22895C1C1FE8}.Debug|Any CPU.Build.0 = Debug|x64
		{670025B5-7DF5-4C7C-8D9E-22895C1C1FE8}.Debug|x64.ActiveCfg = Debug|x64
		{670025B5-7DF5-4C7C-8D9E-22895C1C1FE8}.Debug|x64.Build.0 = Debug|x64
		{670025B5-7DF5-4C7C-8D9E-22895C1C1FE8}.Debug|x86.ActiveCfg = Debug|x64
		{670025B5-7DF5-4C7C-8D9E-22895C1C1FE8}.Debug|x86.Build.0 = Debug|x64
		{670025B5-7DF5-4C7C-8D9E-22895C1C1FE8}.GameRelease|Any CPU.ActiveCfg = Release|x64
		{670025B5-7DF5-4C7C-8D9E-22895C1C1FE8}.GameRelease|Any CPU.Build.0 = Release|x64
		{670025B5-7DF5-4C7C-8D9E-22895C1C1FE8}.GameRelease|x64.ActiveCfg = Release|x64
		{670025B5-7DF5-4C7C-8D9E-22895C1C1FE8}.GameRelease|x64.Build.0 = Release|x64
		{670025B5-7DF5-4C7C-8D9E-22895C1C1FE8}.GameRelease|x86.ActiveCfg = Release|x64
		{670025B5-7DF5-4C7C-8D9E-22895C1C1FE8}.GameRelease|x86.Build.0 = Release|x64
		{670025B5-7DF5-4C7C-8D9E-22895C1C1FE8}.Release|Any CPU.ActiveCfg = Release|x64
		{670025B5-7DF5-4C7C-8D9E-22895C1C1FE8}.Release|Any CPU.Build.0 = Release|x64
		{670025B5-7DF5-4C7C-8D9E-22895C1C1FE8}.Release|x64.ActiveCfg = Release|x64
		{670025B5-7DF5-4C7C-8D9E-22895C1C1FE8}.Release|x64.Build.0 = Release|x64
		{670025B5-7DF5-4C7C-8D9E-22895C1C1FE8}.Release|x86.ActiveCfg = Release|x64
		{670025B5-7DF5-4C7C-8D9E-22895C1C1FE8}.Release|x86.Build.0 = Release|x64
		{D1B82CE9-BDE1-4F51-9A78-1849676C2516}.Debug|Any CPU.ActiveCfg = Debug|x64
		{D1B82CE9-BDE1-4F51-9A78-1849676C2516}.Debug|Any CPU.Build.0 = Debug|x64
		{D1B82CE9-BDE1-4F51-9A78-1849676C2516}.Debug|x64.ActiveCfg = Debug|x64
		{D1B82CE9-BDE1-4F51-9A78-1849676C2516}.Debug|x64.Build.0 = Debug|x64
		{D1B82CE9-BDE1-4F51-9A78-1849676C2516}.Debug|x86.ActiveCfg = Debug|x64
		{D1B82CE9-BDE1-4F51-9A78-1849676C2516}.Debug|x86.Build.0 = Debug|x64
		{D1B82CE9-BDE1-4F51-9A78-1849676C2516}.GameRelease|Any CPU.ActiveCfg = Release|x64
		{D1B82CE9-BDE1-4F51-9A78-1849676C2516}.GameRelease|Any CPU.Build.0 = Release|x64
		{D1B82CE9-BDE1-4F51-9A78-1849676C2516}.GameRelease|x64.ActiveCfg = Release|x64
		{D1B82CE9-BDE1-4F51-9A78-1849676C2516}.GameRelease|x64.Build.0 = Release|x64
		{D1B82CE9-BDE1-4F51-9A78-1849676C2516}.GameRelease|x86.ActiveCfg = Release|x64
		{D1B82CE9-BDE1-4F51-9A78-1849676C2516}.GameRelease|x86.Build.0 = Release|x64
		{D1B82CE9-BDE1-4F51-9A78-1849676C2516}.Release|Any CPU.ActiveCfg = Release|x64
		{D1B82CE9-BDE1-4F51-9A78-1849676C2516}.Release|Any CPU.Build.0 = Release|x64
		{D1B82CE9-BDE1-4F51-9A78-1849676C2516}.Release|x64.ActiveCfg = Release|x64
		{D1B82CE9-BDE1-4F51-9A78-1849676C2516}.Release|x64.Build.0 = Release|x64
		{D1B82CE9-BDE1-4F51-9A78-1849676C2516}.Release|x86.ActiveCfg = Release|x64
		{D1B82CE9-BDE1-4F51-9A78-1849676C2516}.Release|x86.Build.0 = Release|x64
		{8E752673-764B-4507-8436-19FD3B84B553}.Debug|Any CPU.ActiveCfg = Debug|Any CPU
		{8E752673-764B-4507-8436-19FD3B84B553}.Debug|Any CPU.Build.0 = Debug|Any CPU
		{8E752673-764B-4507-8436-19FD3B84B553}.Debug|x64.ActiveCfg = Debug|Any CPU
		{8E752673-764B-4507-8436-19FD3B84B553}.Debug|x64.Build.0 = Debug|Any CPU
		{8E752673-764B-4507-8436-19FD3B84B553}.Debug|x86.ActiveCfg = Debug|Any CPU
		{8E752673-764B-4507-8436-19FD3B84B553}.Debug|x86.Build.0 = Debug|Any CPU
		{8E752673-764B-4507-8436-19FD3B84B553}.GameRelease|Any CPU.ActiveCfg = Release|Any CPU
		{8E752673-764B-4507-8436-19FD3B84B553}.GameRelease|Any CPU.Build.0 = Release|Any CPU
		{8E752673-764B-4507-8436-19FD3B84B553}.GameRelease|x64.ActiveCfg = Release|Any CPU
		{8E752673-764B-4507-8436-19FD3B84B553}.GameRelease|x64.Build.0 = Release|Any CPU
		{8E752673-764B-4507-8436-19FD3B84B553}.GameRelease|x86.ActiveCfg = Release|Any CPU
		{8E752673-764B-4507-8436-19FD3B84B553}.GameRelease|x86.Build.0 = Release|Any CPU
		{8E752673-764B-4507-8436-19FD3B84B553}.Release|Any CPU.ActiveCfg = Release|Any CPU
		{8E752673-764B-4507-8436-19FD3B84B553}.Release|Any CPU.Build.0 = Release|Any CPU
		{8E752673-764B-4507-8436-19FD3B84B553}.Release|x64.ActiveCfg = Release|Any CPU
		{8E752673-764B-4507-8436-19FD3B84B553}.Release|x64.Build.0 = Release|Any CPU
		{8E752673-764B-4507-8436-19FD3B84B553}.Release|x86.ActiveCfg = Release|Any CPU
		{8E752673-764B-4507-8436-19FD3B84B553}.Release|x86.Build.0 = Release|Any CPU
	EndGlobalSection
	GlobalSection(SolutionProperties) = preSolution
		HideSolutionNode = FALSE
	EndGlobalSection
	GlobalSection(ExtensibilityGlobals) = postSolution
		SolutionGuid = {AE1531E1-189C-459B-BAE3-797658A10B4F}
	EndGlobalSection
EndGlobal
