<?xml version="1.0" encoding="utf-8"?>
<Project ToolsVersion="4.0" xmlns="http://schemas.microsoft.com/developer/msbuild/2003">
  <ItemGroup>
    <ClCompile Include="Source\AIFSM.cpp" />
    <ClCompile Include="Source\Animation.cpp" />
    <ClCompile Include="Source\Asset.cpp" />
    <ClCompile Include="Source\AssetBrowserPanel.cpp" />
    <ClCompile Include="Source\Audio.cpp" />
    <ClCompile Include="Source\Body.cpp" />
    <ClCompile Include="Source\Camera.cpp" />
    <ClCompile Include="Source\Collision.cpp" />
    <ClCompile Include="Source\CoreEngine.cpp" />
    <ClCompile Include="Source\EditorLayer.cpp" />
    <ClCompile Include="Source\EventManager.cpp" />
    <ClCompile Include="Source\Framebuffer.cpp" />
    <ClCompile Include="Source\Editor.cpp" />
    <ClCompile Include="Source\Grid.cpp" />
    <ClCompile Include="Source\Manifold.cpp" />
    <ClCompile Include="Source\Mesh.cpp" />
    <ClCompile Include="Source\Panel.cpp" />
    <ClCompile Include="Source\Pathfinding.cpp" />
    <ClCompile Include="Source\SceneHierarchyPanel.cpp" />
    <ClCompile Include="Source\ScriptEngine.cpp" />
    <ClCompile Include="Source\JsonSaveLoad.cpp" />
    <ClCompile Include="Source\ScriptGlue.cpp" />
    <ClCompile Include="Source\ScriptManager.cpp" />
    <ClCompile Include="Source\Sprite.cpp" />
    <ClCompile Include="Source\Text.cpp" />
    <ClCompile Include="Source\Transform.cpp" />
    <ClCompile Include="Source\EditorUtils.cpp" />
    <ClCompile Include="Source\WindowSystem.cpp" />
    <ClCompile Include="Source\Graphics.cpp" />
    <ClCompile Include="Source\Input.cpp" />
    <ClCompile Include="Source\ISArray.cpp" />
    <ClCompile Include="Source\ISString.cpp" />
    <ClCompile Include="Source\ISVector.cpp" />
    <ClCompile Include="Source\LayerStack.cpp" />
    <ClCompile Include="Source\Log.cpp" />
    <ClCompile Include="Source\Logger.cpp" />
    <ClCompile Include="Source\Main.cpp" />
    <ClCompile Include="Source\Matrix3x3.cpp" />
    <ClCompile Include="Source\Pch.cpp" />
    <ClCompile Include="Source\Physics.cpp" />
    <ClCompile Include="Source\Shader.cpp" />
    <ClCompile Include="Source\Timer.cpp" />
    <ClCompile Include="Source\Vector2D.cpp" />
    <ClCompile Include="Source\WindowUtils.cpp" />
  </ItemGroup>
  <ItemGroup>
    <ClInclude Include="Source\AIFSM.h" />
    <ClInclude Include="Source\AIState.h" />
    <ClInclude Include="Source\Animation.h" />
    <ClInclude Include="Source\Asset.h" />
    <ClInclude Include="Source\Audio.h" />
    <ClInclude Include="Source\Body.h" />
    <ClInclude Include="Source\Camera.h" />
    <ClInclude Include="Source\Collision.h" />
    <ClInclude Include="Source\Component.h" />
    <ClInclude Include="Source\AssetBrowserPanel.h" />
    <ClInclude Include="Source\CoreEngine.h" />
    <ClInclude Include="Source\Assertion.h" />
    <ClInclude Include="Source\EditorLayer.h" />
    <ClInclude Include="Source\Entities.h" />
    <ClInclude Include="Source\EventManager.h" />
    <ClInclude Include="Source\Framebuffer.h" />
    <ClInclude Include="Source\GameGui.h" />
    <ClInclude Include="Source\GameLoop.h" />
    <ClInclude Include="Source\Editor.h" />
    <ClInclude Include="Source\Grid.h" />
    <ClInclude Include="Source\ISMath.h" />
    <ClInclude Include="Source\ISContainers.h" />
    <ClInclude Include="Source\JsonSaveLoad.h" />
    <ClInclude Include="Source\Manifold.h" />
    <ClInclude Include="Source\MemoryLeakCheck.h" />
    <ClInclude Include="Source\Mesh.h" />
    <ClInclude Include="Source\Panel.h" />
    <ClInclude Include="Source\Pathfinder.h" />
    <ClInclude Include="Source\Pathfinding.h" />
    <ClInclude Include="Source\Prefab.h" />
    <ClInclude Include="Source\Random.h" />
    <ClInclude Include="Source\InsightEngine.h" />
    <ClInclude Include="Source\SceneHierarchyPanel.h" />
    <ClInclude Include="Source\SceneManager.h" />
    <ClInclude Include="Source\ScriptEngine.h" />
    <ClInclude Include="Source\ScriptGlue.h" />
    <ClInclude Include="Source\ScriptManager.h" />
    <ClInclude Include="Source\Sprite.h" />
    <ClInclude Include="Source\Text.h" />
    <ClInclude Include="Source\Transform.h" />
    <ClInclude Include="Source\EditorUtils.h" />
    <ClInclude Include="Source\WindowSystem.h" />
    <ClInclude Include="Source\Graphics.h" />
    <ClInclude Include="Source\Input.h" />
    <ClInclude Include="Source\ISArray.h" />
    <ClInclude Include="Source\ISString.h" />
    <ClInclude Include="Source\ISVector.h" />
    <ClInclude Include="Source\Layer.h" />
    <ClInclude Include="Source\LayerStack.h" />
    <ClInclude Include="Source\Log.h" />
    <ClInclude Include="Source\Logger.h" />
    <ClInclude Include="Source\Matrix3x3.h" />
    <ClInclude Include="Source\Message.h" />
    <ClInclude Include="Source\Pch.h" />
    <ClInclude Include="Source\Physics.h" />
    <ClInclude Include="Source\Shader.h" />
    <ClInclude Include="Source\System.h" />
    <ClInclude Include="Source\Timer.h" />
    <ClInclude Include="Source\Vector2D.h" />
    <ClInclude Include="Source\WindowUtils.h" />
  </ItemGroup>
  <ItemGroup>
    <Image Include="Assets\icecream_truck.png" />
    <Image Include="Assets\placeholder_background.png" />
    <Image Include="Assets\player_idle.png" />
    <Image Include="Assets\player_walking.png" />
    <Image Include="Assets\zxtestsprite.png" />
  </ItemGroup>
</Project>