<?xml version="1.0" encoding="utf-8"?>
<Project ToolsVersion="4.0" xmlns="http://schemas.microsoft.com/developer/msbuild/2003">
  <ItemGroup>
    <ClCompile Include="Source\glslshader.cpp">
      <Filter>Graphics</Filter>
    </ClCompile>
    <ClCompile Include="Source\Graphics.cpp">
      <Filter>Graphics</Filter>
    </ClCompile>
    <ClCompile Include="Source\Shader.cpp">
      <Filter>Graphics</Filter>
    </ClCompile>
    <ClCompile Include="Source\Main.cpp">
      <Filter>Source</Filter>
    </ClCompile>
    <ClCompile Include="Source\Pch.cpp">
      <Filter>Source</Filter>
    </ClCompile>
    <ClCompile Include="Source\Vector2D.cpp">
      <Filter>Math</Filter>
    </ClCompile>
    <ClCompile Include="Source\Matrix3x3.cpp">
      <Filter>Math</Filter>
    </ClCompile>
    <ClCompile Include="Source\ISArray.cpp">
      <Filter>STL</Filter>
    </ClCompile>
    <ClCompile Include="Source\ISString.cpp">
      <Filter>STL</Filter>
    </ClCompile>
    <ClCompile Include="Source\ISVector.cpp">
      <Filter>STL</Filter>
    </ClCompile>
    <ClCompile Include="Source\EventManager.cpp">
      <Filter>Engine\Core\Messaging&amp;Event</Filter>
    </ClCompile>
    <ClCompile Include="Source\CoreEngine.cpp">
      <Filter>Engine\Core</Filter>
    </ClCompile>
    <ClCompile Include="Source\Log.cpp">
      <Filter>Debug\Logging</Filter>
    </ClCompile>
    <ClCompile Include="Source\Logger.cpp">
      <Filter>Debug\Logging</Filter>
    </ClCompile>
    <ClCompile Include="Source\Audio.cpp">
      <Filter>Engine\Systems</Filter>
    </ClCompile>
    <ClCompile Include="Source\Input.cpp">
      <Filter>Engine\Systems</Filter>
    </ClCompile>
    <ClCompile Include="Source\GLFXWindow.cpp">
      <Filter>Engine\GLFX Window</Filter>
    </ClCompile>
    <ClCompile Include="Source\Entities.cpp">
      <Filter>Engine\ECS</Filter>
    </ClCompile>
    <ClCompile Include="Source\Physics.cpp">
      <Filter>Physics\System</Filter>
    </ClCompile>
    <ClCompile Include="Source\Body.cpp">
      <Filter>Physics\Dynamics</Filter>
    </ClCompile>
    <ClCompile Include="Source\Collision.cpp">
      <Filter>Physics\Collision</Filter>
    </ClCompile>
    <ClCompile Include="Source\Asset.cpp">
      <Filter>Engine\Systems</Filter>
    </ClCompile>
    <ClCompile Include="Source\Timer.cpp">
      <Filter>Debug\Profiling</Filter>
    </ClCompile>
    <ClCompile Include="Source\EditorLayer.cpp">
      <Filter>Editor</Filter>
    </ClCompile>
    <ClCompile Include="Source\LayerStack.cpp">
      <Filter>Editor</Filter>
    </ClCompile>
    <ClCompile Include="Source\GUILayer.cpp">
      <Filter>Editor</Filter>
    </ClCompile>
  </ItemGroup>
  <ItemGroup>
    <ClInclude Include="Source\glslshader.h">
      <Filter>Graphics</Filter>
    </ClInclude>
    <ClInclude Include="Source\Graphics.h">
      <Filter>Graphics</Filter>
    </ClInclude>
    <ClInclude Include="Source\Pch.h">
      <Filter>Source</Filter>
    </ClInclude>
    <ClInclude Include="Source\Shader.h">
      <Filter>Graphics</Filter>
    </ClInclude>
    <ClInclude Include="Source\Vector2D.h">
      <Filter>Math</Filter>
    </ClInclude>
    <ClInclude Include="Source\Matrix3x3.h">
      <Filter>Math</Filter>
    </ClInclude>
    <ClInclude Include="Source\Properties.h">
      <Filter>Source</Filter>
    </ClInclude>
    <ClInclude Include="Source\ISArray.h">
      <Filter>STL</Filter>
    </ClInclude>
    <ClInclude Include="Source\ISString.h">
      <Filter>STL</Filter>
    </ClInclude>
    <ClInclude Include="Source\ISVector.h">
      <Filter>STL</Filter>
    </ClInclude>
    <ClInclude Include="Source\GLFXWindow.h">
      <Filter>Engine\GLFX Window</Filter>
    </ClInclude>
    <ClInclude Include="Source\EventManager.h">
      <Filter>Engine\Core\Messaging&amp;Event</Filter>
    </ClInclude>
    <ClInclude Include="Source\Message.h">
      <Filter>Engine\Core\Messaging&amp;Event</Filter>
    </ClInclude>
    <ClInclude Include="Source\CoreEngine.h">
      <Filter>Engine\Core</Filter>
    </ClInclude>
    <ClInclude Include="Source\Log.h">
      <Filter>Debug\Logging</Filter>
    </ClInclude>
    <ClInclude Include="Source\Logger.h">
      <Filter>Debug\Logging</Filter>
    </ClInclude>
    <ClInclude Include="Source\Audio.h">
      <Filter>Engine\Systems</Filter>
    </ClInclude>
    <ClInclude Include="Source\Input.h">
      <Filter>Engine\Systems</Filter>
    </ClInclude>
    <ClInclude Include="Source\JsonSaveLoad.h">
      <Filter>Engine\Json</Filter>
    </ClInclude>
    <ClInclude Include="Source\Entities.h">
      <Filter>Engine\ECS</Filter>
    </ClInclude>
    <ClInclude Include="Source\Component.h">
      <Filter>Engine\ECS</Filter>
    </ClInclude>
    <ClInclude Include="Source\System.h">
      <Filter>Engine\ECS</Filter>
    </ClInclude>
    <ClInclude Include="Source\Physics.h">
      <Filter>Physics\System</Filter>
    </ClInclude>
    <ClInclude Include="Source\Body.h">
      <Filter>Physics\Dynamics</Filter>
    </ClInclude>
    <ClInclude Include="Source\Collision.h">
      <Filter>Physics\Collision</Filter>
    </ClInclude>
    <ClInclude Include="Source\Asset.h">
      <Filter>Engine\Systems</Filter>
    </ClInclude>
    <ClInclude Include="Source\Timer.h">
      <Filter>Debug\Profiling</Filter>
    </ClInclude>
    <ClInclude Include="Source\EditorLayer.h">
      <Filter>Editor</Filter>
    </ClInclude>
    <ClInclude Include="Source\Layer.h">
      <Filter>Editor</Filter>
    </ClInclude>
    <ClInclude Include="Source\LayerStack.h">
      <Filter>Editor</Filter>
    </ClInclude>
    <ClInclude Include="Source\Assertion.h">
      <Filter>Debug\Logging</Filter>
    </ClInclude>
    <ClInclude Include="Source\GUILayer.h">
      <Filter>Editor</Filter>
    </ClInclude>
  </ItemGroup>
  <ItemGroup>
    <Filter Include="Source">
      <UniqueIdentifier>{ea2adbc9-3ca1-411d-8b5b-8ba4483f23d7}</UniqueIdentifier>
    </Filter>
    <Filter Include="Graphics">
      <UniqueIdentifier>{928261bd-2fc6-4eba-a9e0-30afdbe24ebd}</UniqueIdentifier>
    </Filter>
    <Filter Include="Engine">
      <UniqueIdentifier>{aeb2915c-ff43-445f-a90d-fd5beaec6627}</UniqueIdentifier>
    </Filter>
    <Filter Include="Physics">
      <UniqueIdentifier>{e4d5b7dc-d972-4b83-9e14-f84afd59316d}</UniqueIdentifier>
    </Filter>
    <Filter Include="Math">
      <UniqueIdentifier>{6027792b-31b3-474e-89cd-cd1fb8023f99}</UniqueIdentifier>
    </Filter>
    <Filter Include="STL">
      <UniqueIdentifier>{d5e2e553-7bbd-473f-9e48-331649ecd887}</UniqueIdentifier>
    </Filter>
    <Filter Include="Engine\Core">
      <UniqueIdentifier>{935fc06a-851e-49a7-8e82-ee01254b565b}</UniqueIdentifier>
    </Filter>
    <Filter Include="Engine\GLFX Window">
      <UniqueIdentifier>{30e46da8-cd48-4c71-baf2-a748ccf5bf4b}</UniqueIdentifier>
    </Filter>
    <Filter Include="Debug">
      <UniqueIdentifier>{23331e8a-17f3-4a9c-a892-f9178c7ef7b3}</UniqueIdentifier>
    </Filter>
    <Filter Include="Debug\Logging">
      <UniqueIdentifier>{9562c0c5-815a-4760-9667-51a5e8766d7e}</UniqueIdentifier>
    </Filter>
    <Filter Include="Engine\Systems">
      <UniqueIdentifier>{dcdfd115-206a-4a32-9a88-b8b91352e30b}</UniqueIdentifier>
    </Filter>
    <Filter Include="Engine\Core\Messaging&amp;Event">
      <UniqueIdentifier>{843b6e56-19c4-4741-b58b-a526ac26b015}</UniqueIdentifier>
    </Filter>
    <Filter Include="Engine\ECS">
      <UniqueIdentifier>{578cc73c-91ae-4882-8b32-ee2554b4913f}</UniqueIdentifier>
    </Filter>
    <Filter Include="Physics\Collision">
      <UniqueIdentifier>{1167242a-a072-411b-b015-6f8b501c57e9}</UniqueIdentifier>
    </Filter>
    <Filter Include="Physics\System">
      <UniqueIdentifier>{55dd4382-5868-46e8-ab56-823d34a930f7}</UniqueIdentifier>
    </Filter>
    <Filter Include="Physics\Dynamics">
      <UniqueIdentifier>{8f9d153c-6f63-4498-a0b1-0e3436fb8d6a}</UniqueIdentifier>
    </Filter>
    <Filter Include="Debug\Editor">
      <UniqueIdentifier>{830332e5-5a33-498b-8e99-d76092bc6241}</UniqueIdentifier>
    </Filter>
    <Filter Include="Debug\Profiling">
      <UniqueIdentifier>{2dc82fc5-2056-4a90-8188-d1ca8727b7b3}</UniqueIdentifier>
    </Filter>
    <Filter Include="Editor">
      <UniqueIdentifier>{74363855-2e0b-4615-9976-43d4236a4a7d}</UniqueIdentifier>
    </Filter>
    <Filter Include="Engine\Json">
      <UniqueIdentifier>{a545d8f8-9e6f-48ce-800a-e4d4322268be}</UniqueIdentifier>
    </Filter>
  </ItemGroup>
</Project>