<?xml version="1.0" encoding="utf-8"?>
<Project ToolsVersion="4.0" xmlns="http://schemas.microsoft.com/developer/msbuild/2003">
  <ItemGroup>
    <Filter Include="Debugger">
      <UniqueIdentifier>{d13565c4-56a6-444d-b1e9-7cc2bc45796a}</UniqueIdentifier>
    </Filter>
    <Filter Include="Root">
      <UniqueIdentifier>{1e58c998-ca88-44aa-937e-f82b03edd3c0}</UniqueIdentifier>
    </Filter>
    <Filter Include="Backend">
      <UniqueIdentifier>{48294408-3251-43ec-bc37-22ab884bb7d5}</UniqueIdentifier>
    </Filter>
  </ItemGroup>
  <ItemGroup>
    <ClInclude Include="..\Insight Engine\libraries\imgui\include\imstb_truetype.h">
      <Filter>Root</Filter>
    </ClInclude>
    <ClInclude Include="..\Insight Engine\libraries\imgui\include\imconfig.h">
      <Filter>Root</Filter>
    </ClInclude>
    <ClInclude Include="..\Insight Engine\libraries\imgui\include\imgui.h">
      <Filter>Root</Filter>
    </ClInclude>
    <ClInclude Include="..\Insight Engine\libraries\imgui\include\imgui_internal.h">
      <Filter>Root</Filter>
    </ClInclude>
    <ClInclude Include="..\Insight Engine\libraries\imgui\include\imstb_rectpack.h">
      <Filter>Root</Filter>
    </ClInclude>
    <ClInclude Include="..\Insight Engine\libraries\imgui\include\imstb_textedit.h">
      <Filter>Root</Filter>
    </ClInclude>
    <ClInclude Include="..\Insight Engine\libraries\imgui\include\imgui_impl_glfw.h">
      <Filter>Backend</Filter>
    </ClInclude>
    <ClInclude Include="..\Insight Engine\libraries\imgui\include\imgui_impl_opengl3.h">
      <Filter>Backend</Filter>
    </ClInclude>
    <ClInclude Include="..\Insight Engine\libraries\imgui\include\imgui_impl_opengl3_loader.h">
      <Filter>Backend</Filter>
    </ClInclude>
  </ItemGroup>
  <ItemGroup>
    <ClCompile Include="..\Insight Engine\libraries\imgui\include\imgui.cpp">
      <Filter>Root</Filter>
    </ClCompile>
    <ClCompile Include="..\Insight Engine\libraries\imgui\include\imgui_demo.cpp">
      <Filter>Root</Filter>
    </ClCompile>
    <ClCompile Include="..\Insight Engine\libraries\imgui\include\imgui_draw.cpp">
      <Filter>Root</Filter>
    </ClCompile>
    <ClCompile Include="..\Insight Engine\libraries\imgui\include\imgui_tables.cpp">
      <Filter>Root</Filter>
    </ClCompile>
    <ClCompile Include="..\Insight Engine\libraries\imgui\include\imgui_widgets.cpp">
      <Filter>Root</Filter>
    </ClCompile>
    <ClCompile Include="..\Insight Engine\libraries\imgui\include\imgui_impl_glfw.cpp">
      <Filter>Backend</Filter>
    </ClCompile>
    <ClCompile Include="..\Insight Engine\libraries\imgui\include\imgui_impl_opengl3.cpp">
      <Filter>Backend</Filter>
    </ClCompile>
  </ItemGroup>
  <ItemGroup>
    <None Include="..\Insight Engine\libraries\imgui\include\imgui.natstepfilter">
      <Filter>Debugger</Filter>
    </None>
  </ItemGroup>
  <ItemGroup>
    <Natvis Include="..\Insight Engine\libraries\imgui\include\imgui.natvis">
      <Filter>Debugger</Filter>
    </Natvis>
  </ItemGroup>
</Project>